
Microsoft Visual Studio Solution File, Format Version 12.00
# Visual Studio Version 17
VisualStudioVersion = 17.14.36705.20 d17.14
MinimumVisualStudioVersion = 10.0.40219.1
Project("{FAE04EC0-301F-11D3-BF4B-00C04F79EFBC}") = "RoomAllocatorL", "RoomAllocatorL.csproj", "{3A662246-0D90-43C0-980A-961552E5E21F}"
EndProject
Global
	GlobalSection(SolutionConfigurationPlatforms) = preSolution
		Debug|Any CPU = Debug|Any CPU
		Release|Any CPU = Release|Any CPU
	EndGlobalSection
	GlobalSection(ProjectConfigurationPlatforms) = postSolution
		{3A662246-0D90-43C0-980A-961552E5E21F}.Debug|Any CPU.ActiveCfg = Debug|Any CPU
		{3A662246-0D90-43C0-980A-961552E5E21F}.Debug|Any CPU.Build.0 = Debug|Any CPU
		{3A662246-0D90-43C0-980A-961552E5E21F}.Release|Any CPU.ActiveCfg = Release|Any CPU
		{3A662246-0D90-43C0-980A-961552E5E21F}.Release|Any CPU.Build.0 = Release|Any CPU
	EndGlobalSection
	GlobalSection(SolutionProperties) = preSolution
		HideSolutionNode = FALSE
	EndGlobalSection
	GlobalSection(ExtensibilityGlobals) = postSolution
		SolutionGuid = {740B5B7E-797D-4D5B-A790-BC7CB7A0EDE6}
	EndGlobalSection
EndGlobal
